
Microsoft Visual Studio Solution File, Format Version 12.00
# Visual Studio Version 16
VisualStudioVersion = 16.0.30503.244
MinimumVisualStudioVersion = 10.0.40219.1
Project("{9A19103F-16F7-4668-BE54-9A1E7A4F7556}") = "Jsits.DataAccess.SqLite", "Jsits.DataAccess.SqLite\Jsits.DataAccess.SqLite.csproj", "{A53DE834-8115-488F-9BD2-C74B0BDFE7EE}"
EndProject
Project("{9A19103F-16F7-4668-BE54-9A1E7A4F7556}") = "Jsits.DataAccess.SqLite.XTests", "Jsits.DataAccess.SqLite.XTests\Jsits.DataAccess.SqLite.XTests.csproj", "{0741144A-A248-4688-A0DF-A993B80D83B2}"
EndProject
Global
	GlobalSection(SolutionConfigurationPlatforms) = preSolution
		Debug|Any CPU = Debug|Any CPU
		Release|Any CPU = Release|Any CPU
	EndGlobalSection
	GlobalSection(ProjectConfigurationPlatforms) = postSolution
		{A53DE834-8115-488F-9BD2-C74B0BDFE7EE}.Debug|Any CPU.ActiveCfg = Debug|Any CPU
		{A53DE834-8115-488F-9BD2-C74B0BDFE7EE}.Debug|Any CPU.Build.0 = Debug|Any CPU
		{A53DE834-8115-488F-9BD2-C74B0BDFE7EE}.Release|Any CPU.ActiveCfg = Release|Any CPU
		{A53DE834-8115-488F-9BD2-C74B0BDFE7EE}.Release|Any CPU.Build.0 = Release|Any CPU
		{0741144A-A248-4688-A0DF-A993B80D83B2}.Debug|Any CPU.ActiveCfg = Debug|Any CPU
		{0741144A-A248-4688-A0DF-A993B80D83B2}.Debug|Any CPU.Build.0 = Debug|Any CPU
		{0741144A-A248-4688-A0DF-A993B80D83B2}.Release|Any CPU.ActiveCfg = Release|Any CPU
		{0741144A-A248-4688-A0DF-A993B80D83B2}.Release|Any CPU.Build.0 = Release|Any CPU
	EndGlobalSection
	GlobalSection(SolutionProperties) = preSolution
		HideSolutionNode = FALSE
	EndGlobalSection
	GlobalSection(ExtensibilityGlobals) = postSolution
		SolutionGuid = {C9AFB588-B489-40E0-9792-E7277FFC7AA1}
	EndGlobalSection
EndGlobal
