
Microsoft Visual Studio Solution File, Format Version 12.00
# Visual Studio Version 16
VisualStudioVersion = 16.0.29411.108
MinimumVisualStudioVersion = 10.0.40219.1
Project("{FAE04EC0-301F-11D3-BF4B-00C04F79EFBC}") = "Gvs.DataAccess.Mysql", "Gvs.DataAccess.Mysql\Gvs.DataAccess.Mysql.csproj", "{D1897551-E928-48F0-A786-CB2DA43DBDC3}"
EndProject
Project("{FAE04EC0-301F-11D3-BF4B-00C04F79EFBC}") = "Gvs.DataAccess.Mysql.XTests", "Gvs.DataAccess.Mysql.XTests\Gvs.DataAccess.Mysql.XTests.csproj", "{2FDC174D-EE9B-4D50-AEC4-3D060047C59B}"
EndProject
Global
	GlobalSection(SolutionConfigurationPlatforms) = preSolution
		Debug|Any CPU = Debug|Any CPU
		Release|Any CPU = Release|Any CPU
	EndGlobalSection
	GlobalSection(ProjectConfigurationPlatforms) = postSolution
		{D1897551-E928-48F0-A786-CB2DA43DBDC3}.Debug|Any CPU.ActiveCfg = Debug|Any CPU
		{D1897551-E928-48F0-A786-CB2DA43DBDC3}.Debug|Any CPU.Build.0 = Debug|Any CPU
		{D1897551-E928-48F0-A786-CB2DA43DBDC3}.Release|Any CPU.ActiveCfg = Release|Any CPU
		{D1897551-E928-48F0-A786-CB2DA43DBDC3}.Release|Any CPU.Build.0 = Release|Any CPU
		{2FDC174D-EE9B-4D50-AEC4-3D060047C59B}.Debug|Any CPU.ActiveCfg = Debug|Any CPU
		{2FDC174D-EE9B-4D50-AEC4-3D060047C59B}.Debug|Any CPU.Build.0 = Debug|Any CPU
		{2FDC174D-EE9B-4D50-AEC4-3D060047C59B}.Release|Any CPU.ActiveCfg = Release|Any CPU
		{2FDC174D-EE9B-4D50-AEC4-3D060047C59B}.Release|Any CPU.Build.0 = Release|Any CPU
	EndGlobalSection
	GlobalSection(SolutionProperties) = preSolution
		HideSolutionNode = FALSE
	EndGlobalSection
	GlobalSection(ExtensibilityGlobals) = postSolution
		SolutionGuid = {4703DD60-0AF4-46DF-ADF8-90CD313AC3F2}
	EndGlobalSection
EndGlobal
