
Microsoft Visual Studio Solution File, Format Version 12.00
# Visual Studio Version 16
VisualStudioVersion = 16.0.29411.108
MinimumVisualStudioVersion = 10.0.40219.1
Project("{9A19103F-16F7-4668-BE54-9A1E7A4F7556}") = "Gvs.DataAccess.Core", "Gvs.DataAccess.Core\Gvs.DataAccess.Core.csproj", "{AAEC9149-ED20-436A-B44F-FB8C0EB29021}"
EndProject
Global
	GlobalSection(SolutionConfigurationPlatforms) = preSolution
		Debug|Any CPU = Debug|Any CPU
		Release|Any CPU = Release|Any CPU
	EndGlobalSection
	GlobalSection(ProjectConfigurationPlatforms) = postSolution
		{AAEC9149-ED20-436A-B44F-FB8C0EB29021}.Debug|Any CPU.ActiveCfg = Debug|Any CPU
		{AAEC9149-ED20-436A-B44F-FB8C0EB29021}.Debug|Any CPU.Build.0 = Debug|Any CPU
		{AAEC9149-ED20-436A-B44F-FB8C0EB29021}.Release|Any CPU.ActiveCfg = Release|Any CPU
		{AAEC9149-ED20-436A-B44F-FB8C0EB29021}.Release|Any CPU.Build.0 = Release|Any CPU
	EndGlobalSection
	GlobalSection(SolutionProperties) = preSolution
		HideSolutionNode = FALSE
	EndGlobalSection
	GlobalSection(ExtensibilityGlobals) = postSolution
		SolutionGuid = {BC806CFA-C010-4554-A4B9-FB6751E34DE2}
	EndGlobalSection
EndGlobal
